// !$*UTF8*$!
{
	archiveVersion = 1;
	classes = {
	};
	objectVersion = 46;
	objects = {

/* Begin PBXBuildFile section */
		DAFEA4B41CCA461500461454 /* main.cpp in Sources */ = {isa = PBXBuildFile; fileRef = DAFEA4B31CCA461500461454 /* main.cpp */; };
		DAFEA4C01CCA46AC00461454 /* game.cpp in Sources */ = {isa = PBXBuildFile; fileRef = DAFEA4BE1CCA46AC00461454 /* game.cpp */; };
/* End PBXBuildFile section */

/* Begin PBXCopyFilesBuildPhase section */
		DAFEA4AE1CCA461400461454 /* CopyFiles */ = {
			isa = PBXCopyFilesBuildPhase;
			buildActionMask = 2147483647;
			dstPath = /usr/share/man/man1/;
			dstSubfolderSpec = 0;
			files = (
			);
			runOnlyForDeploymentPostprocessing = 1;
		};
/* End PBXCopyFilesBuildPhase section */

/* Begin PBXFileReference section */
		DAFEA4B01CCA461500461454 /* Monopoly */ = {isa = PBXFileReference; explicitFileType = "compiled.mach-o.executable"; includeInIndex = 0; path = Monopoly; sourceTree = BUILT_PRODUCTS_DIR; };
		DAFEA4B31CCA461500461454 /* main.cpp */ = {isa = PBXFileReference; lastKnownFileType = sourcecode.cpp.cpp; path = main.cpp; sourceTree = "<group>"; };
		DAFEA4BE1CCA46AC00461454 /* game.cpp */ = {isa = PBXFileReference; fileEncoding = 4; lastKnownFileType = sourcecode.cpp.cpp; path = game.cpp; sourceTree = "<group>"; };
		DAFEA4BF1CCA46AC00461454 /* game.hpp */ = {isa = PBXFileReference; fileEncoding = 4; lastKnownFileType = sourcecode.cpp.h; path = game.hpp; sourceTree = "<group>"; };
/* End PBXFileReference section */

/* Begin PBXFrameworksBuildPhase section */
		DAFEA4AD1CCA461400461454 /* Frameworks */ = {
			isa = PBXFrameworksBuildPhase;
			buildActionMask = 2147483647;
			files = (
			);
			runOnlyForDeploymentPostprocessing = 0;
		};
/* End PBXFrameworksBuildPhase section */

/* Begin PBXGroup section */
		DAFEA4A71CCA461400461454 = {
			isa = PBXGroup;
			children = (
				DAFEA4B21CCA461500461454 /* Monopoly */,
				DAFEA4B11CCA461500461454 /* Products */,
			);
			sourceTree = "<group>";
		};
		DAFEA4B11CCA461500461454 /* Products */ = {
			isa = PBXGroup;
			children = (
				DAFEA4B01CCA461500461454 /* Monopoly */,
			);
			name = Products;
			sourceTree = "<group>";
		};
		DAFEA4B21CCA461500461454 /* Monopoly */ = {
			isa = PBXGroup;
			children = (
				DAFEA4B31CCA461500461454 /* main.cpp */,
				DAFEA4BE1CCA46AC00461454 /* game.cpp */,
				DAFEA4BF1CCA46AC00461454 /* game.hpp */,
			);
			path = Monopoly;
			sourceTree = "<group>";
		};
/* End PBXGroup section */

/* Begin PBXNativeTarget section */
		DAFEA4AF1CCA461400461454 /* Monopoly */ = {
			isa = PBXNativeTarget;
			buildConfigurationList = DAFEA4B71CCA461500461454 /* Build configuration list for PBXNativeTarget "Monopoly" */;
			buildPhases = (
				DAFEA4AC1CCA461400461454 /* Sources */,
				DAFEA4AD1CCA461400461454 /* Frameworks */,
				DAFEA4AE1CCA461400461454 /* CopyFiles */,
			);
			buildRules = (
			);
			dependencies = (
			);
			name = Monopoly;
			productName = Monopoly;
			productReference = DAFEA4B01CCA461500461454 /* Monopoly */;
			productType = "com.apple.product-type.tool";
		};
/* End PBXNativeTarget section */

/* Begin PBXProject section */
		DAFEA4A81CCA461400461454 /* Project object */ = {
			isa = PBXProject;
			attributes = {
				LastUpgradeCheck = 0730;
				ORGANIZATIONNAME = Dragonly;
				TargetAttributes = {
					DAFEA4AF1CCA461400461454 = {
						CreatedOnToolsVersion = 7.3;
					};
				};
			};
			buildConfigurationList = DAFEA4AB1CCA461400461454 /* Build configuration list for PBXProject "Monopoly" */;
			compatibilityVersion = "Xcode 3.2";
			developmentRegion = English;
			hasScannedForEncodings = 0;
			knownRegions = (
				en,
			);
			mainGroup = DAFEA4A71CCA461400461454;
			productRefGroup = DAFEA4B11CCA461500461454 /* Products */;
			projectDirPath = "";
			projectRoot = "";
			targets = (
				DAFEA4AF1CCA461400461454 /* Monopoly */,
			);
		};
/* End PBXProject section */

/* Begin PBXSourcesBuildPhase section */
		DAFEA4AC1CCA461400461454 /* Sources */ = {
			isa = PBXSourcesBuildPhase;
			buildActionMask = 2147483647;
			files = (
				DAFEA4B41CCA461500461454 /* main.cpp in Sources */,
				DAFEA4C01CCA46AC00461454 /* game.cpp in Sources */,
			);
			runOnlyForDeploymentPostprocessing = 0;
		};
/* End PBXSourcesBuildPhase section */

/* Begin XCBuildConfiguration section */
		DAFEA4B51CCA461500461454 /* Debug */ = {
			isa = XCBuildConfiguration;
			buildSettings = {
				ALWAYS_SEARCH_USER_PATHS = NO;
				CLANG_ANALYZER_NONNULL = YES;
				CLANG_CXX_LANGUAGE_STANDARD = "gnu++0x";
				CLANG_CXX_LIBRARY = "libc++";
				CLANG_ENABLE_MODULES = YES;
				CLANG_ENABLE_OBJC_ARC = YES;
				CLANG_WARN_BOOL_CONVERSION = YES;
				CLANG_WARN_CONSTANT_CONVERSION = YES;
				CLANG_WARN_DIRECT_OBJC_ISA_USAGE = YES_ERROR;
				CLANG_WARN_EMPTY_BODY = YES;
				CLANG_WARN_ENUM_CONVERSION = YES;
				CLANG_WARN_INT_CONVERSION = YES;
				CLANG_WARN_OBJC_ROOT_CLASS = YES_ERROR;
				CLANG_WARN_UNREACHABLE_CODE = YES;
				CLANG_WARN__DUPLICATE_METHOD_MATCH = YES;
				CODE_SIGN_IDENTITY = "-";
				COPY_PHASE_STRIP = NO;
				DEBUG_INFORMATION_FORMAT = dwarf;
				ENABLE_STRICT_OBJC_MSGSEND = YES;
				ENABLE_TESTABILITY = YES;
				GCC_C_LANGUAGE_STANDARD = gnu99;
				GCC_DYNAMIC_NO_PIC = NO;
				GCC_NO_COMMON_BLOCKS = YES;
				GCC_OPTIMIZATION_LEVEL = 0;
				GCC_PREPROCESSOR_DEFINITIONS = (
					"DEBUG=1",
					"$(inherited)",
				);
				GCC_WARN_64_TO_32_BIT_CONVERSION = YES;
				GCC_WARN_ABOUT_RETURN_TYPE = YES_ERROR;
				GCC_WARN_UNDECLARED_SELECTOR = YES;
				GCC_WARN_UNINITIALIZED_AUTOS = YES_AGGRESSIVE;
				GCC_WARN_UNUSED_FUNCTION = YES;
				GCC_WARN_UNUSED_VARIABLE = YES;
				MACOSX_DEPLOYMENT_TARGET = 10.11;
				MTL_ENABLE_DEBUG_INFO = YES;
				ONLY_ACTIVE_ARCH = YES;
				SDKROOT = macosx;
			};
			name = Debug;
		};
		DAFEA4B61CCA461500461454 /* Release */ = {
			isa = XCBuildConfiguration;
			buildSettings = {
				ALWAYS_SEARCH_USER_PATHS = NO;
				CLANG_ANALYZER_NONNULL = YES;
				CLANG_CXX_LANGUAGE_STANDARD = "gnu++0x";
				CLANG_CXX_LIBRARY = "libc++";
				CLANG_ENABLE_MODULES = YES;
				CLANG_ENABLE_OBJC_ARC = YES;
				CLANG_WARN_BOOL_CONVERSION = YES;
				CLANG_WARN_CONSTANT_CONVERSION = YES;
				CLANG_WARN_DIRECT_OBJC_ISA_USAGE = YES_ERROR;
				CLANG_WARN_EMPTY_BODY = YES;
				CLANG_WARN_ENUM_CONVERSION = YES;
				CLANG_WARN_INT_CONVERSION = YES;
				CLANG_WARN_OBJC_ROOT_CLASS = YES_ERROR;
				CLANG_WARN_UNREACHABLE_CODE = YES;
				CLANG_WARN__DUPLICATE_METHOD_MATCH = YES;
				CODE_SIGN_IDENTITY = "-";
				COPY_PHASE_STRIP = NO;
				DEBUG_INFORMATION_FORMAT = "dwarf-with-dsym";
				ENABLE_NS_ASSERTIONS = NO;
				ENABLE_STRICT_OBJC_MSGSEND = YES;
				GCC_C_LANGUAGE_STANDARD = gnu99;
				GCC_NO_COMMON_BLOCKS = YES;
				GCC_WARN_64_TO_32_BIT_CONVERSION = YES;
				GCC_WARN_ABOUT_RETURN_TYPE = YES_ERROR;
				GCC_WARN_UNDECLARED_SELECTOR = YES;
				GCC_WARN_UNINITIALIZED_AUTOS = YES_AGGRESSIVE;
				GCC_WARN_UNUSED_FUNCTION = YES;
				GCC_WARN_UNUSED_VARIABLE = YES;
				MACOSX_DEPLOYMENT_TARGET = 10.11;
				MTL_ENABLE_DEBUG_INFO = NO;
				SDKROOT = macosx;
			};
			name = Release;
		};
		DAFEA4B81CCA461500461454 /* Debug */ = {
			isa = XCBuildConfiguration;
			buildSettings = {
				PRODUCT_NAME = "$(TARGET_NAME)";
			};
			name = Debug;
		};
		DAFEA4B91CCA461500461454 /* Release */ = {
			isa = XCBuildConfiguration;
			buildSettings = {
				PRODUCT_NAME = "$(TARGET_NAME)";
			};
			name = Release;
		};
/* End XCBuildConfiguration section */

/* Begin XCConfigurationList section */
		DAFEA4AB1CCA461400461454 /* Build configuration list for PBXProject "Monopoly" */ = {
			isa = XCConfigurationList;
			buildConfigurations = (
				DAFEA4B51CCA461500461454 /* Debug */,
				DAFEA4B61CCA461500461454 /* Release */,
			);
			defaultConfigurationIsVisible = 0;
			defaultConfigurationName = Release;
		};
		DAFEA4B71CCA461500461454 /* Build configuration list for PBXNativeTarget "Monopoly" */ = {
			isa = XCConfigurationList;
			buildConfigurations = (
				DAFEA4B81CCA461500461454 /* Debug */,
				DAFEA4B91CCA461500461454 /* Release */,
			);
			defaultConfigurationIsVisible = 0;
		};
/* End XCConfigurationList section */
	};
	rootObject = DAFEA4A81CCA461400461454 /* Project object */;
}
